
Microsoft Visual Studio Solution File, Format Version 12.00
# Visual Studio Version 16
VisualStudioVersion = 16.0.33529.622
MinimumVisualStudioVersion = 10.0.40219.1
Project("{FAE04EC0-301F-11D3-BF4B-00C04F79EFBC}") = "GerenciamentoDePedidos", "GerenciamentoDePedidos\GerenciamentoDePedidos.csproj", "{4735F377-FA5A-445B-905B-8650144F52AA}"
EndProject
Global
	GlobalSection(SolutionConfigurationPlatforms) = preSolution
		Debug|Any CPU = Debug|Any CPU
		Release|Any CPU = Release|Any CPU
	EndGlobalSection
	GlobalSection(ProjectConfigurationPlatforms) = postSolution
		{4735F377-FA5A-445B-905B-8650144F52AA}.Debug|Any CPU.ActiveCfg = Debug|Any CPU
		{4735F377-FA5A-445B-905B-8650144F52AA}.Debug|Any CPU.Build.0 = Debug|Any CPU
		{4735F377-FA5A-445B-905B-8650144F52AA}.Release|Any CPU.ActiveCfg = Release|Any CPU
		{4735F377-FA5A-445B-905B-8650144F52AA}.Release|Any CPU.Build.0 = Release|Any CPU
	EndGlobalSection
	GlobalSection(SolutionProperties) = preSolution
		HideSolutionNode = FALSE
	EndGlobalSection
	GlobalSection(ExtensibilityGlobals) = postSolution
		SolutionGuid = {6D0EFEAB-546A-4728-8B13-F17499599530}
	EndGlobalSection
EndGlobal
